
Microsoft Visual Studio Solution File, Format Version 12.00
Project("{FAE04EC0-301F-11D3-BF4B-00C04F79EFBC}") = "Api", "Api\Api.csproj", "{F888E326-5C9D-4DA1-8F8D-4E77D2037231}"
EndProject
Project("{FAE04EC0-301F-11D3-BF4B-00C04F79EFBC}") = "UnitTests", "UnitTests\UnitTests.csproj", "{369F0060-00EC-4A5E-8E82-1C53746B0F5B}"
EndProject
Project("{FAE04EC0-301F-11D3-BF4B-00C04F79EFBC}") = "Domain", "Domain\Domain.csproj", "{3DA1930D-FF63-4BAF-831D-C2530EE97EEE}"
EndProject
Project("{FAE04EC0-301F-11D3-BF4B-00C04F79EFBC}") = "External", "External\External.csproj", "{17F30B74-AEF1-4633-990C-369E51215EE1}"
EndProject
Global
	GlobalSection(SolutionConfigurationPlatforms) = preSolution
		Debug|Any CPU = Debug|Any CPU
		Release|Any CPU = Release|Any CPU
	EndGlobalSection
	GlobalSection(ProjectConfigurationPlatforms) = postSolution
		{F888E326-5C9D-4DA1-8F8D-4E77D2037231}.Debug|Any CPU.ActiveCfg = Debug|Any CPU
		{F888E326-5C9D-4DA1-8F8D-4E77D2037231}.Debug|Any CPU.Build.0 = Debug|Any CPU
		{F888E326-5C9D-4DA1-8F8D-4E77D2037231}.Release|Any CPU.ActiveCfg = Release|Any CPU
		{F888E326-5C9D-4DA1-8F8D-4E77D2037231}.Release|Any CPU.Build.0 = Release|Any CPU
		{369F0060-00EC-4A5E-8E82-1C53746B0F5B}.Debug|Any CPU.ActiveCfg = Debug|Any CPU
		{369F0060-00EC-4A5E-8E82-1C53746B0F5B}.Debug|Any CPU.Build.0 = Debug|Any CPU
		{369F0060-00EC-4A5E-8E82-1C53746B0F5B}.Release|Any CPU.ActiveCfg = Release|Any CPU
		{369F0060-00EC-4A5E-8E82-1C53746B0F5B}.Release|Any CPU.Build.0 = Release|Any CPU
		{3DA1930D-FF63-4BAF-831D-C2530EE97EEE}.Debug|Any CPU.ActiveCfg = Debug|Any CPU
		{3DA1930D-FF63-4BAF-831D-C2530EE97EEE}.Debug|Any CPU.Build.0 = Debug|Any CPU
		{3DA1930D-FF63-4BAF-831D-C2530EE97EEE}.Release|Any CPU.ActiveCfg = Release|Any CPU
		{3DA1930D-FF63-4BAF-831D-C2530EE97EEE}.Release|Any CPU.Build.0 = Release|Any CPU
		{17F30B74-AEF1-4633-990C-369E51215EE1}.Debug|Any CPU.ActiveCfg = Debug|Any CPU
		{17F30B74-AEF1-4633-990C-369E51215EE1}.Debug|Any CPU.Build.0 = Debug|Any CPU
		{17F30B74-AEF1-4633-990C-369E51215EE1}.Release|Any CPU.ActiveCfg = Release|Any CPU
		{17F30B74-AEF1-4633-990C-369E51215EE1}.Release|Any CPU.Build.0 = Release|Any CPU
	EndGlobalSection
EndGlobal
